
Microsoft Visual Studio Solution File, Format Version 12.00
# Visual Studio Version 16
VisualStudioVersion = 16.0.29613.14
MinimumVisualStudioVersion = 10.0.40219.1
Project("{FAE04EC0-301F-11D3-BF4B-00C04F79EFBC}") = "WebView1.UWP", "WebView1\WebView1.UWP\WebView1.UWP.csproj", "{CA17A969-EB64-452B-9129-55EA83B495AB}"
EndProject
Project("{FAE04EC0-301F-11D3-BF4B-00C04F79EFBC}") = "WebView1.Android", "WebView1\WebView1.Android\WebView1.Android.csproj", "{43D9A365-0346-44D5-B0D6-D82F7EB5E815}"
EndProject
Project("{FAE04EC0-301F-11D3-BF4B-00C04F79EFBC}") = "WebView1.iOS", "WebView1\WebView1.iOS\WebView1.iOS.csproj", "{8A3B18BE-0E73-4341-BEE5-DE41397A264A}"
EndProject
Project("{FAE04EC0-301F-11D3-BF4B-00C04F79EFBC}") = "WebView1", "WebView1\WebView1\WebView1.csproj", "{17EFC078-FDA5-4F21-9E3C-1C4A81578437}"
EndProject
Global
	GlobalSection(SolutionConfigurationPlatforms) = preSolution
		Debug|Any CPU = Debug|Any CPU
		Debug|ARM = Debug|ARM
		Debug|iPhone = Debug|iPhone
		Debug|iPhoneSimulator = Debug|iPhoneSimulator
		Debug|x64 = Debug|x64
		Debug|x86 = Debug|x86
		Release|Any CPU = Release|Any CPU
		Release|ARM = Release|ARM
		Release|iPhone = Release|iPhone
		Release|iPhoneSimulator = Release|iPhoneSimulator
		Release|x64 = Release|x64
		Release|x86 = Release|x86
	EndGlobalSection
	GlobalSection(ProjectConfigurationPlatforms) = postSolution
		{CA17A969-EB64-452B-9129-55EA83B495AB}.Debug|Any CPU.ActiveCfg = Debug|x86
		{CA17A969-EB64-452B-9129-55EA83B495AB}.Debug|Any CPU.Build.0 = Debug|x86
		{CA17A969-EB64-452B-9129-55EA83B495AB}.Debug|Any CPU.Deploy.0 = Debug|x86
		{CA17A969-EB64-452B-9129-55EA83B495AB}.Debug|ARM.ActiveCfg = Debug|ARM
		{CA17A969-EB64-452B-9129-55EA83B495AB}.Debug|ARM.Build.0 = Debug|ARM
		{CA17A969-EB64-452B-9129-55EA83B495AB}.Debug|ARM.Deploy.0 = Debug|ARM
		{CA17A969-EB64-452B-9129-55EA83B495AB}.Debug|iPhone.ActiveCfg = Debug|x86
		{CA17A969-EB64-452B-9129-55EA83B495AB}.Debug|iPhone.Build.0 = Debug|x86
		{CA17A969-EB64-452B-9129-55EA83B495AB}.Debug|iPhone.Deploy.0 = Debug|x86
		{CA17A969-EB64-452B-9129-55EA83B495AB}.Debug|iPhoneSimulator.ActiveCfg = Debug|x86
		{CA17A969-EB64-452B-9129-55EA83B495AB}.Debug|iPhoneSimulator.Build.0 = Debug|x86
		{CA17A969-EB64-452B-9129-55EA83B495AB}.Debug|iPhoneSimulator.Deploy.0 = Debug|x86
		{CA17A969-EB64-452B-9129-55EA83B495AB}.Debug|x64.ActiveCfg = Debug|x64
		{CA17A969-EB64-452B-9129-55EA83B495AB}.Debug|x64.Build.0 = Debug|x64
		{CA17A969-EB64-452B-9129-55EA83B495AB}.Debug|x64.Deploy.0 = Debug|x64
		{CA17A969-EB64-452B-9129-55EA83B495AB}.Debug|x86.ActiveCfg = Debug|x86
		{CA17A969-EB64-452B-9129-55EA83B495AB}.Debug|x86.Build.0 = Debug|x86
		{CA17A969-EB64-452B-9129-55EA83B495AB}.Debug|x86.Deploy.0 = Debug|x86
		{CA17A969-EB64-452B-9129-55EA83B495AB}.Release|Any CPU.ActiveCfg = Release|x86
		{CA17A969-EB64-452B-9129-55EA83B495AB}.Release|Any CPU.Build.0 = Release|x86
		{CA17A969-EB64-452B-9129-55EA83B495AB}.Release|Any CPU.Deploy.0 = Release|x86
		{CA17A969-EB64-452B-9129-55EA83B495AB}.Release|ARM.ActiveCfg = Release|ARM
		{CA17A969-EB64-452B-9129-55EA83B495AB}.Release|ARM.Build.0 = Release|ARM
		{CA17A969-EB64-452B-9129-55EA83B495AB}.Release|ARM.Deploy.0 = Release|ARM
		{CA17A969-EB64-452B-9129-55EA83B495AB}.Release|iPhone.ActiveCfg = Release|x86
		{CA17A969-EB64-452B-9129-55EA83B495AB}.Release|iPhone.Build.0 = Release|x86
		{CA17A969-EB64-452B-9129-55EA83B495AB}.Release|iPhone.Deploy.0 = Release|x86
		{CA17A969-EB64-452B-9129-55EA83B495AB}.Release|iPhoneSimulator.ActiveCfg = Release|x86
		{CA17A969-EB64-452B-9129-55EA83B495AB}.Release|iPhoneSimulator.Build.0 = Release|x86
		{CA17A969-EB64-452B-9129-55EA83B495AB}.Release|iPhoneSimulator.Deploy.0 = Release|x86
		{CA17A969-EB64-452B-9129-55EA83B495AB}.Release|x64.ActiveCfg = Release|x64
		{CA17A969-EB64-452B-9129-55EA83B495AB}.Release|x64.Build.0 = Release|x64
		{CA17A969-EB64-452B-9129-55EA83B495AB}.Release|x64.Deploy.0 = Release|x64
		{CA17A969-EB64-452B-9129-55EA83B495AB}.Release|x86.ActiveCfg = Release|x86
		{CA17A969-EB64-452B-9129-55EA83B495AB}.Release|x86.Build.0 = Release|x86
		{CA17A969-EB64-452B-9129-55EA83B495AB}.Release|x86.Deploy.0 = Release|x86
		{43D9A365-0346-44D5-B0D6-D82F7EB5E815}.Debug|Any CPU.ActiveCfg = Debug|Any CPU
		{43D9A365-0346-44D5-B0D6-D82F7EB5E815}.Debug|Any CPU.Build.0 = Debug|Any CPU
		{43D9A365-0346-44D5-B0D6-D82F7EB5E815}.Debug|Any CPU.Deploy.0 = Debug|Any CPU
		{43D9A365-0346-44D5-B0D6-D82F7EB5E815}.Debug|ARM.ActiveCfg = Debug|Any CPU
		{43D9A365-0346-44D5-B0D6-D82F7EB5E815}.Debug|ARM.Build.0 = Debug|Any CPU
		{43D9A365-0346-44D5-B0D6-D82F7EB5E815}.Debug|ARM.Deploy.0 = Debug|Any CPU
		{43D9A365-0346-44D5-B0D6-D82F7EB5E815}.Debug|iPhone.ActiveCfg = Debug|Any CPU
		{43D9A365-0346-44D5-B0D6-D82F7EB5E815}.Debug|iPhone.Build.0 = Debug|Any CPU
		{43D9A365-0346-44D5-B0D6-D82F7EB5E815}.Debug|iPhone.Deploy.0 = Debug|Any CPU
		{43D9A365-0346-44D5-B0D6-D82F7EB5E815}.Debug|iPhoneSimulator.ActiveCfg = Debug|Any CPU
		{43D9A365-0346-44D5-B0D6-D82F7EB5E815}.Debug|iPhoneSimulator.Build.0 = Debug|Any CPU
		{43D9A365-0346-44D5-B0D6-D82F7EB5E815}.Debug|iPhoneSimulator.Deploy.0 = Debug|Any CPU
		{43D9A365-0346-44D5-B0D6-D82F7EB5E815}.Debug|x64.ActiveCfg = Debug|Any CPU
		{43D9A365-0346-44D5-B0D6-D82F7EB5E815}.Debug|x64.Build.0 = Debug|Any CPU
		{43D9A365-0346-44D5-B0D6-D82F7EB5E815}.Debug|x64.Deploy.0 = Debug|Any CPU
		{43D9A365-0346-44D5-B0D6-D82F7EB5E815}.Debug|x86.ActiveCfg = Debug|Any CPU
		{43D9A365-0346-44D5-B0D6-D82F7EB5E815}.Debug|x86.Build.0 = Debug|Any CPU
		{43D9A365-0346-44D5-B0D6-D82F7EB5E815}.Debug|x86.Deploy.0 = Debug|Any CPU
		{43D9A365-0346-44D5-B0D6-D82F7EB5E815}.Release|Any CPU.ActiveCfg = Release|Any CPU
		{43D9A365-0346-44D5-B0D6-D82F7EB5E815}.Release|Any CPU.Build.0 = Release|Any CPU
		{43D9A365-0346-44D5-B0D6-D82F7EB5E815}.Release|Any CPU.Deploy.0 = Release|Any CPU
		{43D9A365-0346-44D5-B0D6-D82F7EB5E815}.Release|ARM.ActiveCfg = Release|Any CPU
		{43D9A365-0346-44D5-B0D6-D82F7EB5E815}.Release|ARM.Build.0 = Release|Any CPU
		{43D9A365-0346-44D5-B0D6-D82F7EB5E815}.Release|ARM.Deploy.0 = Release|Any CPU
		{43D9A365-0346-44D5-B0D6-D82F7EB5E815}.Release|iPhone.ActiveCfg = Release|Any CPU
		{43D9A365-0346-44D5-B0D6-D82F7EB5E815}.Release|iPhone.Build.0 = Release|Any CPU
		{43D9A365-0346-44D5-B0D6-D82F7EB5E815}.Release|iPhone.Deploy.0 = Release|Any CPU
		{43D9A365-0346-44D5-B0D6-D82F7EB5E815}.Release|iPhoneSimulator.ActiveCfg = Release|Any CPU
		{43D9A365-0346-44D5-B0D6-D82F7EB5E815}.Release|iPhoneSimulator.Build.0 = Release|Any CPU
		{43D9A365-0346-44D5-B0D6-D82F7EB5E815}.Release|iPhoneSimulator.Deploy.0 = Release|Any CPU
		{43D9A365-0346-44D5-B0D6-D82F7EB5E815}.Release|x64.ActiveCfg = Release|Any CPU
		{43D9A365-0346-44D5-B0D6-D82F7EB5E815}.Release|x64.Build.0 = Release|Any CPU
		{43D9A365-0346-44D5-B0D6-D82F7EB5E815}.Release|x64.Deploy.0 = Release|Any CPU
		{43D9A365-0346-44D5-B0D6-D82F7EB5E815}.Release|x86.ActiveCfg = Release|Any CPU
		{43D9A365-0346-44D5-B0D6-D82F7EB5E815}.Release|x86.Build.0 = Release|Any CPU
		{43D9A365-0346-44D5-B0D6-D82F7EB5E815}.Release|x86.Deploy.0 = Release|Any CPU
		{8A3B18BE-0E73-4341-BEE5-DE41397A264A}.Debug|Any CPU.ActiveCfg = Debug|iPhone
		{8A3B18BE-0E73-4341-BEE5-DE41397A264A}.Debug|Any CPU.Build.0 = Debug|iPhone
		{8A3B18BE-0E73-4341-BEE5-DE41397A264A}.Debug|Any CPU.Deploy.0 = Debug|iPhone
		{8A3B18BE-0E73-4341-BEE5-DE41397A264A}.Debug|ARM.ActiveCfg = Debug|iPhoneSimulator
		{8A3B18BE-0E73-4341-BEE5-DE41397A264A}.Debug|ARM.Build.0 = Debug|iPhoneSimulator
		{8A3B18BE-0E73-4341-BEE5-DE41397A264A}.Debug|ARM.Deploy.0 = Debug|iPhoneSimulator
		{8A3B18BE-0E73-4341-BEE5-DE41397A264A}.Debug|iPhone.ActiveCfg = Debug|iPhone
		{8A3B18BE-0E73-4341-BEE5-DE41397A264A}.Debug|iPhone.Build.0 = Debug|iPhone
		{8A3B18BE-0E73-4341-BEE5-DE41397A264A}.Debug|iPhone.Deploy.0 = Debug|iPhone
		{8A3B18BE-0E73-4341-BEE5-DE41397A264A}.Debug|iPhoneSimulator.ActiveCfg = Debug|iPhoneSimulator
		{8A3B18BE-0E73-4341-BEE5-DE41397A264A}.Debug|iPhoneSimulator.Build.0 = Debug|iPhoneSimulator
		{8A3B18BE-0E73-4341-BEE5-DE41397A264A}.Debug|iPhoneSimulator.Deploy.0 = Debug|iPhoneSimulator
		{8A3B18BE-0E73-4341-BEE5-DE41397A264A}.Debug|x64.ActiveCfg = Debug|iPhone
		{8A3B18BE-0E73-4341-BEE5-DE41397A264A}.Debug|x64.Build.0 = Debug|iPhone
		{8A3B18BE-0E73-4341-BEE5-DE41397A264A}.Debug|x64.Deploy.0 = Debug|iPhone
		{8A3B18BE-0E73-4341-BEE5-DE41397A264A}.Debug|x86.ActiveCfg = Debug|iPhone
		{8A3B18BE-0E73-4341-BEE5-DE41397A264A}.Debug|x86.Build.0 = Debug|iPhone
		{8A3B18BE-0E73-4341-BEE5-DE41397A264A}.Debug|x86.Deploy.0 = Debug|iPhone
		{8A3B18BE-0E73-4341-BEE5-DE41397A264A}.Release|Any CPU.ActiveCfg = Release|iPhone
		{8A3B18BE-0E73-4341-BEE5-DE41397A264A}.Release|Any CPU.Build.0 = Release|iPhone
		{8A3B18BE-0E73-4341-BEE5-DE41397A264A}.Release|Any CPU.Deploy.0 = Release|iPhone
		{8A3B18BE-0E73-4341-BEE5-DE41397A264A}.Release|ARM.ActiveCfg = Release|iPhone
		{8A3B18BE-0E73-4341-BEE5-DE41397A264A}.Release|ARM.Build.0 = Release|iPhone
		{8A3B18BE-0E73-4341-BEE5-DE41397A264A}.Release|ARM.Deploy.0 = Release|iPhone
		{8A3B18BE-0E73-4341-BEE5-DE41397A264A}.Release|iPhone.ActiveCfg = Release|iPhone
		{8A3B18BE-0E73-4341-BEE5-DE41397A264A}.Release|iPhone.Build.0 = Release|iPhone
		{8A3B18BE-0E73-4341-BEE5-DE41397A264A}.Release|iPhone.Deploy.0 = Release|iPhone
		{8A3B18BE-0E73-4341-BEE5-DE41397A264A}.Release|iPhoneSimulator.ActiveCfg = Release|iPhoneSimulator
		{8A3B18BE-0E73-4341-BEE5-DE41397A264A}.Release|iPhoneSimulator.Build.0 = Release|iPhoneSimulator
		{8A3B18BE-0E73-4341-BEE5-DE41397A264A}.Release|iPhoneSimulator.Deploy.0 = Release|iPhoneSimulator
		{8A3B18BE-0E73-4341-BEE5-DE41397A264A}.Release|x64.ActiveCfg = Release|iPhone
		{8A3B18BE-0E73-4341-BEE5-DE41397A264A}.Release|x64.Build.0 = Release|iPhone
		{8A3B18BE-0E73-4341-BEE5-DE41397A264A}.Release|x64.Deploy.0 = Release|iPhone
		{8A3B18BE-0E73-4341-BEE5-DE41397A264A}.Release|x86.ActiveCfg = Release|iPhone
		{8A3B18BE-0E73-4341-BEE5-DE41397A264A}.Release|x86.Build.0 = Release|iPhone
		{8A3B18BE-0E73-4341-BEE5-DE41397A264A}.Release|x86.Deploy.0 = Release|iPhone
		{17EFC078-FDA5-4F21-9E3C-1C4A81578437}.Debug|Any CPU.ActiveCfg = Debug|Any CPU
		{17EFC078-FDA5-4F21-9E3C-1C4A81578437}.Debug|Any CPU.Build.0 = Debug|Any CPU
		{17EFC078-FDA5-4F21-9E3C-1C4A81578437}.Debug|Any CPU.Deploy.0 = Debug|Any CPU
		{17EFC078-FDA5-4F21-9E3C-1C4A81578437}.Debug|ARM.ActiveCfg = Debug|Any CPU
		{17EFC078-FDA5-4F21-9E3C-1C4A81578437}.Debug|ARM.Build.0 = Debug|Any CPU
		{17EFC078-FDA5-4F21-9E3C-1C4A81578437}.Debug|ARM.Deploy.0 = Debug|Any CPU
		{17EFC078-FDA5-4F21-9E3C-1C4A81578437}.Debug|iPhone.ActiveCfg = Debug|Any CPU
		{17EFC078-FDA5-4F21-9E3C-1C4A81578437}.Debug|iPhone.Build.0 = Debug|Any CPU
		{17EFC078-FDA5-4F21-9E3C-1C4A81578437}.Debug|iPhone.Deploy.0 = Debug|Any CPU
		{17EFC078-FDA5-4F21-9E3C-1C4A81578437}.Debug|iPhoneSimulator.ActiveCfg = Debug|Any CPU
		{17EFC078-FDA5-4F21-9E3C-1C4A81578437}.Debug|iPhoneSimulator.Build.0 = Debug|Any CPU
		{17EFC078-FDA5-4F21-9E3C-1C4A81578437}.Debug|iPhoneSimulator.Deploy.0 = Debug|Any CPU
		{17EFC078-FDA5-4F21-9E3C-1C4A81578437}.Debug|x64.ActiveCfg = Debug|Any CPU
		{17EFC078-FDA5-4F21-9E3C-1C4A81578437}.Debug|x64.Build.0 = Debug|Any CPU
		{17EFC078-FDA5-4F21-9E3C-1C4A81578437}.Debug|x64.Deploy.0 = Debug|Any CPU
		{17EFC078-FDA5-4F21-9E3C-1C4A81578437}.Debug|x86.ActiveCfg = Debug|Any CPU
		{17EFC078-FDA5-4F21-9E3C-1C4A81578437}.Debug|x86.Build.0 = Debug|Any CPU
		{17EFC078-FDA5-4F21-9E3C-1C4A81578437}.Debug|x86.Deploy.0 = Debug|Any CPU
		{17EFC078-FDA5-4F21-9E3C-1C4A81578437}.Release|Any CPU.ActiveCfg = Release|Any CPU
		{17EFC078-FDA5-4F21-9E3C-1C4A81578437}.Release|Any CPU.Build.0 = Release|Any CPU
		{17EFC078-FDA5-4F21-9E3C-1C4A81578437}.Release|Any CPU.Deploy.0 = Release|Any CPU
		{17EFC078-FDA5-4F21-9E3C-1C4A81578437}.Release|ARM.ActiveCfg = Release|Any CPU
		{17EFC078-FDA5-4F21-9E3C-1C4A81578437}.Release|ARM.Build.0 = Release|Any CPU
		{17EFC078-FDA5-4F21-9E3C-1C4A81578437}.Release|ARM.Deploy.0 = Release|Any CPU
		{17EFC078-FDA5-4F21-9E3C-1C4A81578437}.Release|iPhone.ActiveCfg = Release|Any CPU
		{17EFC078-FDA5-4F21-9E3C-1C4A81578437}.Release|iPhone.Build.0 = Release|Any CPU
		{17EFC078-FDA5-4F21-9E3C-1C4A81578437}.Release|iPhone.Deploy.0 = Release|Any CPU
		{17EFC078-FDA5-4F21-9E3C-1C4A81578437}.Release|iPhoneSimulator.ActiveCfg = Release|Any CPU
		{17EFC078-FDA5-4F21-9E3C-1C4A81578437}.Release|iPhoneSimulator.Build.0 = Release|Any CPU
		{17EFC078-FDA5-4F21-9E3C-1C4A81578437}.Release|iPhoneSimulator.Deploy.0 = Release|Any CPU
		{17EFC078-FDA5-4F21-9E3C-1C4A81578437}.Release|x64.ActiveCfg = Release|Any CPU
		{17EFC078-FDA5-4F21-9E3C-1C4A81578437}.Release|x64.Build.0 = Release|Any CPU
		{17EFC078-FDA5-4F21-9E3C-1C4A81578437}.Release|x64.Deploy.0 = Release|Any CPU
		{17EFC078-FDA5-4F21-9E3C-1C4A81578437}.Release|x86.ActiveCfg = Release|Any CPU
		{17EFC078-FDA5-4F21-9E3C-1C4A81578437}.Release|x86.Build.0 = Release|Any CPU
		{17EFC078-FDA5-4F21-9E3C-1C4A81578437}.Release|x86.Deploy.0 = Release|Any CPU
	EndGlobalSection
	GlobalSection(SolutionProperties) = preSolution
		HideSolutionNode = FALSE
	EndGlobalSection
	GlobalSection(ExtensibilityGlobals) = postSolution
		SolutionGuid = {8056A6E1-562C-4BDD-BD5D-2B906AB4FACA}
	EndGlobalSection
EndGlobal
